// !$*UTF8*$!
{
	archiveVersion = 1;
	classes = {
	};
	objectVersion = 56;
	objects = {

/* Begin PBXBuildFile section */
		96B7AD732ACC808D0067E637 /* DetailView.swift in Sources */ = {isa = PBXBuildFile; fileRef = 96B7AD722ACC808D0067E637 /* DetailView.swift */; };
		96B7AD752ACC95FD0067E637 /* CreditsView.swift in Sources */ = {isa = PBXBuildFile; fileRef = 96B7AD742ACC95FD0067E637 /* CreditsView.swift */; };
		96B7AD782ACC966C0067E637 /* HeaderView.swift in Sources */ = {isa = PBXBuildFile; fileRef = 96B7AD772ACC966C0067E637 /* HeaderView.swift */; };
		96B7AD7A2ACC98D30067E637 /* SettingsView.swift in Sources */ = {isa = PBXBuildFile; fileRef = 96B7AD792ACC98D30067E637 /* SettingsView.swift */; };
		96E54A0D2ACC42D800DEA5CF /* Notes Watch App.app in Embed Watch Content */ = {isa = PBXBuildFile; fileRef = 96E54A0C2ACC42D800DEA5CF /* Notes Watch App.app */; settings = {ATTRIBUTES = (RemoveHeadersOnCopy, ); }; };
		96E54A122ACC42D800DEA5CF /* NotesApp.swift in Sources */ = {isa = PBXBuildFile; fileRef = 96E54A112ACC42D800DEA5CF /* NotesApp.swift */; };
		96E54A142ACC42D800DEA5CF /* ContentView.swift in Sources */ = {isa = PBXBuildFile; fileRef = 96E54A132ACC42D800DEA5CF /* ContentView.swift */; };
		96E54A162ACC42DC00DEA5CF /* Assets.xcassets in Resources */ = {isa = PBXBuildFile; fileRef = 96E54A152ACC42DC00DEA5CF /* Assets.xcassets */; };
		96E54A192ACC42DC00DEA5CF /* Preview Assets.xcassets in Resources */ = {isa = PBXBuildFile; fileRef = 96E54A182ACC42DC00DEA5CF /* Preview Assets.xcassets */; };
		96E54A262ACC444100DEA5CF /* Note.swift in Sources */ = {isa = PBXBuildFile; fileRef = 96E54A252ACC444100DEA5CF /* Note.swift */; };
/* End PBXBuildFile section */

/* Begin PBXContainerItemProxy section */
		96E54A0E2ACC42D800DEA5CF /* PBXContainerItemProxy */ = {
			isa = PBXContainerItemProxy;
			containerPortal = 96E54A002ACC42D700DEA5CF /* Project object */;
			proxyType = 1;
			remoteGlobalIDString = 96E54A0B2ACC42D800DEA5CF;
			remoteInfo = "Notes Watch App";
		};
/* End PBXContainerItemProxy section */

/* Begin PBXCopyFilesBuildPhase section */
		96E54A1F2ACC42DC00DEA5CF /* Embed Watch Content */ = {
			isa = PBXCopyFilesBuildPhase;
			buildActionMask = 2147483647;
			dstPath = "$(CONTENTS_FOLDER_PATH)/Watch";
			dstSubfolderSpec = 16;
			files = (
				96E54A0D2ACC42D800DEA5CF /* Notes Watch App.app in Embed Watch Content */,
			);
			name = "Embed Watch Content";
			runOnlyForDeploymentPostprocessing = 0;
		};
/* End PBXCopyFilesBuildPhase section */

/* Begin PBXFileReference section */
		96B7AD722ACC808D0067E637 /* DetailView.swift */ = {isa = PBXFileReference; lastKnownFileType = sourcecode.swift; path = DetailView.swift; sourceTree = "<group>"; };
		96B7AD742ACC95FD0067E637 /* CreditsView.swift */ = {isa = PBXFileReference; lastKnownFileType = sourcecode.swift; path = CreditsView.swift; sourceTree = "<group>"; };
		96B7AD772ACC966C0067E637 /* HeaderView.swift */ = {isa = PBXFileReference; lastKnownFileType = sourcecode.swift; path = HeaderView.swift; sourceTree = "<group>"; };
		96B7AD792ACC98D30067E637 /* SettingsView.swift */ = {isa = PBXFileReference; lastKnownFileType = sourcecode.swift; path = SettingsView.swift; sourceTree = "<group>"; };
		96E54A062ACC42D800DEA5CF /* Notes.app */ = {isa = PBXFileReference; explicitFileType = wrapper.application; includeInIndex = 0; path = Notes.app; sourceTree = BUILT_PRODUCTS_DIR; };
		96E54A0C2ACC42D800DEA5CF /* Notes Watch App.app */ = {isa = PBXFileReference; explicitFileType = wrapper.application; includeInIndex = 0; path = "Notes Watch App.app"; sourceTree = BUILT_PRODUCTS_DIR; };
		96E54A112ACC42D800DEA5CF /* NotesApp.swift */ = {isa = PBXFileReference; lastKnownFileType = sourcecode.swift; path = NotesApp.swift; sourceTree = "<group>"; };
		96E54A132ACC42D800DEA5CF /* ContentView.swift */ = {isa = PBXFileReference; lastKnownFileType = sourcecode.swift; path = ContentView.swift; sourceTree = "<group>"; };
		96E54A152ACC42DC00DEA5CF /* Assets.xcassets */ = {isa = PBXFileReference; lastKnownFileType = folder.assetcatalog; path = Assets.xcassets; sourceTree = "<group>"; };
		96E54A182ACC42DC00DEA5CF /* Preview Assets.xcassets */ = {isa = PBXFileReference; lastKnownFileType = folder.assetcatalog; path = "Preview Assets.xcassets"; sourceTree = "<group>"; };
		96E54A252ACC444100DEA5CF /* Note.swift */ = {isa = PBXFileReference; lastKnownFileType = sourcecode.swift; path = Note.swift; sourceTree = "<group>"; };
/* End PBXFileReference section */

/* Begin PBXFrameworksBuildPhase section */
		96E54A092ACC42D800DEA5CF /* Frameworks */ = {
			isa = PBXFrameworksBuildPhase;
			buildActionMask = 2147483647;
			files = (
			);
			runOnlyForDeploymentPostprocessing = 0;
		};
/* End PBXFrameworksBuildPhase section */

/* Begin PBXGroup section */
		96B7AD762ACC965C0067E637 /* Component */ = {
			isa = PBXGroup;
			children = (
				96B7AD772ACC966C0067E637 /* HeaderView.swift */,
			);
			path = Component;
			sourceTree = "<group>";
		};
		96E549FF2ACC42D700DEA5CF = {
			isa = PBXGroup;
			children = (
				96E54A102ACC42D800DEA5CF /* Notes Watch App */,
				96E54A072ACC42D800DEA5CF /* Products */,
			);
			sourceTree = "<group>";
		};
		96E54A072ACC42D800DEA5CF /* Products */ = {
			isa = PBXGroup;
			children = (
				96E54A062ACC42D800DEA5CF /* Notes.app */,
				96E54A0C2ACC42D800DEA5CF /* Notes Watch App.app */,
			);
			name = Products;
			sourceTree = "<group>";
		};
		96E54A102ACC42D800DEA5CF /* Notes Watch App */ = {
			isa = PBXGroup;
			children = (
				96B7AD762ACC965C0067E637 /* Component */,
				96E54A242ACC443000DEA5CF /* Model */,
				96E54A112ACC42D800DEA5CF /* NotesApp.swift */,
				96E54A232ACC442500DEA5CF /* View */,
				96E54A152ACC42DC00DEA5CF /* Assets.xcassets */,
				96E54A172ACC42DC00DEA5CF /* Preview Content */,
			);
			path = "Notes Watch App";
			sourceTree = "<group>";
		};
		96E54A172ACC42DC00DEA5CF /* Preview Content */ = {
			isa = PBXGroup;
			children = (
				96E54A182ACC42DC00DEA5CF /* Preview Assets.xcassets */,
			);
			path = "Preview Content";
			sourceTree = "<group>";
		};
		96E54A232ACC442500DEA5CF /* View */ = {
			isa = PBXGroup;
			children = (
				96E54A132ACC42D800DEA5CF /* ContentView.swift */,
				96B7AD722ACC808D0067E637 /* DetailView.swift */,
				96B7AD742ACC95FD0067E637 /* CreditsView.swift */,
				96B7AD792ACC98D30067E637 /* SettingsView.swift */,
			);
			path = View;
			sourceTree = "<group>";
		};
		96E54A242ACC443000DEA5CF /* Model */ = {
			isa = PBXGroup;
			children = (
				96E54A252ACC444100DEA5CF /* Note.swift */,
			);
			path = Model;
			sourceTree = "<group>";
		};
/* End PBXGroup section */

/* Begin PBXNativeTarget section */
		96E54A052ACC42D800DEA5CF /* Notes */ = {
			isa = PBXNativeTarget;
			buildConfigurationList = 96E54A202ACC42DC00DEA5CF /* Build configuration list for PBXNativeTarget "Notes" */;
			buildPhases = (
				96E54A042ACC42D800DEA5CF /* Resources */,
				96E54A1F2ACC42DC00DEA5CF /* Embed Watch Content */,
			);
			buildRules = (
			);
			dependencies = (
				96E54A0F2ACC42D800DEA5CF /* PBXTargetDependency */,
			);
			name = Notes;
			productName = Notes;
			productReference = 96E54A062ACC42D800DEA5CF /* Notes.app */;
			productType = "com.apple.product-type.application.watchapp2-container";
		};
		96E54A0B2ACC42D800DEA5CF /* Notes Watch App */ = {
			isa = PBXNativeTarget;
			buildConfigurationList = 96E54A1C2ACC42DC00DEA5CF /* Build configuration list for PBXNativeTarget "Notes Watch App" */;
			buildPhases = (
				96E54A082ACC42D800DEA5CF /* Sources */,
				96E54A092ACC42D800DEA5CF /* Frameworks */,
				96E54A0A2ACC42D800DEA5CF /* Resources */,
			);
			buildRules = (
			);
			dependencies = (
			);
			name = "Notes Watch App";
			productName = "Notes Watch App";
			productReference = 96E54A0C2ACC42D800DEA5CF /* Notes Watch App.app */;
			productType = "com.apple.product-type.application";
		};
/* End PBXNativeTarget section */

/* Begin PBXProject section */
		96E54A002ACC42D700DEA5CF /* Project object */ = {
			isa = PBXProject;
			attributes = {
				BuildIndependentTargetsInParallel = 1;
				LastSwiftUpdateCheck = 1500;
				LastUpgradeCheck = 1500;
				TargetAttributes = {
					96E54A052ACC42D800DEA5CF = {
						CreatedOnToolsVersion = 15.0;
					};
					96E54A0B2ACC42D800DEA5CF = {
						CreatedOnToolsVersion = 15.0;
					};
				};
			};
			buildConfigurationList = 96E54A032ACC42D700DEA5CF /* Build configuration list for PBXProject "Notes" */;
			compatibilityVersion = "Xcode 14.0";
			developmentRegion = en;
			hasScannedForEncodings = 0;
			knownRegions = (
				en,
				Base,
			);
			mainGroup = 96E549FF2ACC42D700DEA5CF;
			productRefGroup = 96E54A072ACC42D800DEA5CF /* Products */;
			projectDirPath = "";
			projectRoot = "";
			targets = (
				96E54A052ACC42D800DEA5CF /* Notes */,
				96E54A0B2ACC42D800DEA5CF /* Notes Watch App */,
			);
		};
/* End PBXProject section */

/* Begin PBXResourcesBuildPhase section */
		96E54A042ACC42D800DEA5CF /* Resources */ = {
			isa = PBXResourcesBuildPhase;
			buildActionMask = 2147483647;
			files = (
			);
			runOnlyForDeploymentPostprocessing = 0;
		};
		96E54A0A2ACC42D800DEA5CF /* Resources */ = {
			isa = PBXResourcesBuildPhase;
			buildActionMask = 2147483647;
			files = (
				96E54A192ACC42DC00DEA5CF /* Preview Assets.xcassets in Resources */,
				96E54A162ACC42DC00DEA5CF /* Assets.xcassets in Resources */,
			);
			runOnlyForDeploymentPostprocessing = 0;
		};
/* End PBXResourcesBuildPhase section */

/* Begin PBXSourcesBuildPhase section */
		96E54A082ACC42D800DEA5CF /* Sources */ = {
			isa = PBXSourcesBuildPhase;
			buildActionMask = 2147483647;
			files = (
				96B7AD7A2ACC98D30067E637 /* SettingsView.swift in Sources */,
				96E54A142ACC42D800DEA5CF /* ContentView.swift in Sources */,
				96B7AD782ACC966C0067E637 /* HeaderView.swift in Sources */,
				96B7AD732ACC808D0067E637 /* DetailView.swift in Sources */,
				96E54A122ACC42D800DEA5CF /* NotesApp.swift in Sources */,
				96B7AD752ACC95FD0067E637 /* CreditsView.swift in Sources */,
				96E54A262ACC444100DEA5CF /* Note.swift in Sources */,
			);
			runOnlyForDeploymentPostprocessing = 0;
		};
/* End PBXSourcesBuildPhase section */

/* Begin PBXTargetDependency section */
		96E54A0F2ACC42D800DEA5CF /* PBXTargetDependency */ = {
			isa = PBXTargetDependency;
			target = 96E54A0B2ACC42D800DEA5CF /* Notes Watch App */;
			targetProxy = 96E54A0E2ACC42D800DEA5CF /* PBXContainerItemProxy */;
		};
/* End PBXTargetDependency section */

/* Begin XCBuildConfiguration section */
		96E54A1A2ACC42DC00DEA5CF /* Debug */ = {
			isa = XCBuildConfiguration;
			buildSettings = {
				ALWAYS_SEARCH_USER_PATHS = NO;
				ASSETCATALOG_COMPILER_GENERATE_SWIFT_ASSET_SYMBOL_EXTENSIONS = YES;
				CLANG_ANALYZER_NONNULL = YES;
				CLANG_ANALYZER_NUMBER_OBJECT_CONVERSION = YES_AGGRESSIVE;
				CLANG_CXX_LANGUAGE_STANDARD = "gnu++20";
				CLANG_ENABLE_MODULES = YES;
				CLANG_ENABLE_OBJC_ARC = YES;
				CLANG_ENABLE_OBJC_WEAK = YES;
				CLANG_WARN_BLOCK_CAPTURE_AUTORELEASING = YES;
				CLANG_WARN_BOOL_CONVERSION = YES;
				CLANG_WARN_COMMA = YES;
				CLANG_WARN_CONSTANT_CONVERSION = YES;
				CLANG_WARN_DEPRECATED_OBJC_IMPLEMENTATIONS = YES;
				CLANG_WARN_DIRECT_OBJC_ISA_USAGE = YES_ERROR;
				CLANG_WARN_DOCUMENTATION_COMMENTS = YES;
				CLANG_WARN_EMPTY_BODY = YES;
				CLANG_WARN_ENUM_CONVERSION = YES;
				CLANG_WARN_INFINITE_RECURSION = YES;
				CLANG_WARN_INT_CONVERSION = YES;
				CLANG_WARN_NON_LITERAL_NULL_CONVERSION = YES;
				CLANG_WARN_OBJC_IMPLICIT_RETAIN_SELF = YES;
				CLANG_WARN_OBJC_LITERAL_CONVERSION = YES;
				CLANG_WARN_OBJC_ROOT_CLASS = YES_ERROR;
				CLANG_WARN_QUOTED_INCLUDE_IN_FRAMEWORK_HEADER = YES;
				CLANG_WARN_RANGE_LOOP_ANALYSIS = YES;
				CLANG_WARN_STRICT_PROTOTYPES = YES;
				CLANG_WARN_SUSPICIOUS_MOVE = YES;
				CLANG_WARN_UNGUARDED_AVAILABILITY = YES_AGGRESSIVE;
				CLANG_WARN_UNREACHABLE_CODE = YES;
				CLANG_WARN__DUPLICATE_METHOD_MATCH = YES;
				COPY_PHASE_STRIP = NO;
				DEBUG_INFORMATION_FORMAT = dwarf;
				ENABLE_STRICT_OBJC_MSGSEND = YES;
				ENABLE_TESTABILITY = YES;
				ENABLE_USER_SCRIPT_SANDBOXING = YES;
				GCC_C_LANGUAGE_STANDARD = gnu17;
				GCC_DYNAMIC_NO_PIC = NO;
				GCC_NO_COMMON_BLOCKS = YES;
				GCC_OPTIMIZATION_LEVEL = 0;
				GCC_PREPROCESSOR_DEFINITIONS = (
					"DEBUG=1",
					"$(inherited)",
				);
				GCC_WARN_64_TO_32_BIT_CONVERSION = YES;
				GCC_WARN_ABOUT_RETURN_TYPE = YES_ERROR;
				GCC_WARN_UNDECLARED_SELECTOR = YES;
				GCC_WARN_UNINITIALIZED_AUTOS = YES_AGGRESSIVE;
				GCC_WARN_UNUSED_FUNCTION = YES;
				GCC_WARN_UNUSED_VARIABLE = YES;
				LOCALIZATION_PREFERS_STRING_CATALOGS = YES;
				MTL_ENABLE_DEBUG_INFO = INCLUDE_SOURCE;
				MTL_FAST_MATH = YES;
				ONLY_ACTIVE_ARCH = YES;
				SWIFT_ACTIVE_COMPILATION_CONDITIONS = "DEBUG $(inherited)";
				SWIFT_OPTIMIZATION_LEVEL = "-Onone";
			};
			name = Debug;
		};
		96E54A1B2ACC42DC00DEA5CF /* Release */ = {
			isa = XCBuildConfiguration;
			buildSettings = {
				ALWAYS_SEARCH_USER_PATHS = NO;
				ASSETCATALOG_COMPILER_GENERATE_SWIFT_ASSET_SYMBOL_EXTENSIONS = YES;
				CLANG_ANALYZER_NONNULL = YES;
				CLANG_ANALYZER_NUMBER_OBJECT_CONVERSION = YES_AGGRESSIVE;
				CLANG_CXX_LANGUAGE_STANDARD = "gnu++20";
				CLANG_ENABLE_MODULES = YES;
				CLANG_ENABLE_OBJC_ARC = YES;
				CLANG_ENABLE_OBJC_WEAK = YES;
				CLANG_WARN_BLOCK_CAPTURE_AUTORELEASING = YES;
				CLANG_WARN_BOOL_CONVERSION = YES;
				CLANG_WARN_COMMA = YES;
				CLANG_WARN_CONSTANT_CONVERSION = YES;
				CLANG_WARN_DEPRECATED_OBJC_IMPLEMENTATIONS = YES;
				CLANG_WARN_DIRECT_OBJC_ISA_USAGE = YES_ERROR;
				CLANG_WARN_DOCUMENTATION_COMMENTS = YES;
				CLANG_WARN_EMPTY_BODY = YES;
				CLANG_WARN_ENUM_CONVERSION = YES;
				CLANG_WARN_INFINITE_RECURSION = YES;
				CLANG_WARN_INT_CONVERSION = YES;
				CLANG_WARN_NON_LITERAL_NULL_CONVERSION = YES;
				CLANG_WARN_OBJC_IMPLICIT_RETAIN_SELF = YES;
				CLANG_WARN_OBJC_LITERAL_CONVERSION = YES;
				CLANG_WARN_OBJC_ROOT_CLASS = YES_ERROR;
				CLANG_WARN_QUOTED_INCLUDE_IN_FRAMEWORK_HEADER = YES;
				CLANG_WARN_RANGE_LOOP_ANALYSIS = YES;
				CLANG_WARN_STRICT_PROTOTYPES = YES;
				CLANG_WARN_SUSPICIOUS_MOVE = YES;
				CLANG_WARN_UNGUARDED_AVAILABILITY = YES_AGGRESSIVE;
				CLANG_WARN_UNREACHABLE_CODE = YES;
				CLANG_WARN__DUPLICATE_METHOD_MATCH = YES;
				COPY_PHASE_STRIP = NO;
				DEBUG_INFORMATION_FORMAT = "dwarf-with-dsym";
				ENABLE_NS_ASSERTIONS = NO;
				ENABLE_STRICT_OBJC_MSGSEND = YES;
				ENABLE_USER_SCRIPT_SANDBOXING = YES;
				GCC_C_LANGUAGE_STANDARD = gnu17;
				GCC_NO_COMMON_BLOCKS = YES;
				GCC_WARN_64_TO_32_BIT_CONVERSION = YES;
				GCC_WARN_ABOUT_RETURN_TYPE = YES_ERROR;
				GCC_WARN_UNDECLARED_SELECTOR = YES;
				GCC_WARN_UNINITIALIZED_AUTOS = YES_AGGRESSIVE;
				GCC_WARN_UNUSED_FUNCTION = YES;
				GCC_WARN_UNUSED_VARIABLE = YES;
				LOCALIZATION_PREFERS_STRING_CATALOGS = YES;
				MTL_ENABLE_DEBUG_INFO = NO;
				MTL_FAST_MATH = YES;
				SWIFT_COMPILATION_MODE = wholemodule;
			};
			name = Release;
		};
		96E54A1D2ACC42DC00DEA5CF /* Debug */ = {
			isa = XCBuildConfiguration;
			buildSettings = {
				ASSETCATALOG_COMPILER_APPICON_NAME = AppIcon;
				ASSETCATALOG_COMPILER_GLOBAL_ACCENT_COLOR_NAME = AccentColor;
				CODE_SIGN_STYLE = Automatic;
				CURRENT_PROJECT_VERSION = 1;
				DEVELOPMENT_ASSET_PATHS = "\"Notes Watch App/Preview Content\"";
				DEVELOPMENT_TEAM = LZPABQ868H;
				ENABLE_PREVIEWS = YES;
				GENERATE_INFOPLIST_FILE = YES;
				INFOPLIST_KEY_CFBundleDisplayName = Notes;
				INFOPLIST_KEY_UISupportedInterfaceOrientations = "UIInterfaceOrientationPortrait UIInterfaceOrientationPortraitUpsideDown";
				INFOPLIST_KEY_WKWatchOnly = YES;
				LD_RUNPATH_SEARCH_PATHS = (
					"$(inherited)",
					"@executable_path/Frameworks",
				);
				MARKETING_VERSION = 1.0;
				PRODUCT_BUNDLE_IDENTIFIER = ca.jgdesigns.Notes.watchkitapp;
				PRODUCT_NAME = "$(TARGET_NAME)";
				SDKROOT = watchos;
				SKIP_INSTALL = YES;
				SWIFT_EMIT_LOC_STRINGS = YES;
				SWIFT_VERSION = 5.0;
				TARGETED_DEVICE_FAMILY = 4;
				WATCHOS_DEPLOYMENT_TARGET = 10.0;
			};
			name = Debug;
		};
		96E54A1E2ACC42DC00DEA5CF /* Release */ = {
			isa = XCBuildConfiguration;
			buildSettings = {
				ASSETCATALOG_COMPILER_APPICON_NAME = AppIcon;
				ASSETCATALOG_COMPILER_GLOBAL_ACCENT_COLOR_NAME = AccentColor;
				CODE_SIGN_STYLE = Automatic;
				CURRENT_PROJECT_VERSION = 1;
				DEVELOPMENT_ASSET_PATHS = "\"Notes Watch App/Preview Content\"";
				DEVELOPMENT_TEAM = LZPABQ868H;
				ENABLE_PREVIEWS = YES;
				GENERATE_INFOPLIST_FILE = YES;
				INFOPLIST_KEY_CFBundleDisplayName = Notes;
				INFOPLIST_KEY_UISupportedInterfaceOrientations = "UIInterfaceOrientationPortrait UIInterfaceOrientationPortraitUpsideDown";
				INFOPLIST_KEY_WKWatchOnly = YES;
				LD_RUNPATH_SEARCH_PATHS = (
					"$(inherited)",
					"@executable_path/Frameworks",
				);
				MARKETING_VERSION = 1.0;
				PRODUCT_BUNDLE_IDENTIFIER = ca.jgdesigns.Notes.watchkitapp;
				PRODUCT_NAME = "$(TARGET_NAME)";
				SDKROOT = watchos;
				SKIP_INSTALL = YES;
				SWIFT_EMIT_LOC_STRINGS = YES;
				SWIFT_VERSION = 5.0;
				TARGETED_DEVICE_FAMILY = 4;
				VALIDATE_PRODUCT = YES;
				WATCHOS_DEPLOYMENT_TARGET = 10.0;
			};
			name = Release;
		};
		96E54A212ACC42DC00DEA5CF /* Debug */ = {
			isa = XCBuildConfiguration;
			buildSettings = {
				ALWAYS_EMBED_SWIFT_STANDARD_LIBRARIES = YES;
				CODE_SIGN_STYLE = Automatic;
				CURRENT_PROJECT_VERSION = 1;
				DEVELOPMENT_TEAM = LZPABQ868H;
				INFOPLIST_KEY_CFBundleDisplayName = Notes;
				MARKETING_VERSION = 1.0;
				PRODUCT_BUNDLE_IDENTIFIER = ca.jgdesigns.Notes;
				PRODUCT_NAME = "$(TARGET_NAME)";
				SDKROOT = iphoneos;
				SWIFT_VERSION = 5.0;
			};
			name = Debug;
		};
		96E54A222ACC42DC00DEA5CF /* Release */ = {
			isa = XCBuildConfiguration;
			buildSettings = {
				ALWAYS_EMBED_SWIFT_STANDARD_LIBRARIES = YES;
				CODE_SIGN_STYLE = Automatic;
				CURRENT_PROJECT_VERSION = 1;
				DEVELOPMENT_TEAM = LZPABQ868H;
				INFOPLIST_KEY_CFBundleDisplayName = Notes;
				MARKETING_VERSION = 1.0;
				PRODUCT_BUNDLE_IDENTIFIER = ca.jgdesigns.Notes;
				PRODUCT_NAME = "$(TARGET_NAME)";
				SDKROOT = iphoneos;
				SWIFT_VERSION = 5.0;
				VALIDATE_PRODUCT = YES;
			};
			name = Release;
		};
/* End XCBuildConfiguration section */

/* Begin XCConfigurationList section */
		96E54A032ACC42D700DEA5CF /* Build configuration list for PBXProject "Notes" */ = {
			isa = XCConfigurationList;
			buildConfigurations = (
				96E54A1A2ACC42DC00DEA5CF /* Debug */,
				96E54A1B2ACC42DC00DEA5CF /* Release */,
			);
			defaultConfigurationIsVisible = 0;
			defaultConfigurationName = Release;
		};
		96E54A1C2ACC42DC00DEA5CF /* Build configuration list for PBXNativeTarget "Notes Watch App" */ = {
			isa = XCConfigurationList;
			buildConfigurations = (
				96E54A1D2ACC42DC00DEA5CF /* Debug */,
				96E54A1E2ACC42DC00DEA5CF /* Release */,
			);
			defaultConfigurationIsVisible = 0;
			defaultConfigurationName = Release;
		};
		96E54A202ACC42DC00DEA5CF /* Build configuration list for PBXNativeTarget "Notes" */ = {
			isa = XCConfigurationList;
			buildConfigurations = (
				96E54A212ACC42DC00DEA5CF /* Debug */,
				96E54A222ACC42DC00DEA5CF /* Release */,
			);
			defaultConfigurationIsVisible = 0;
			defaultConfigurationName = Release;
		};
/* End XCConfigurationList section */
	};
	rootObject = 96E54A002ACC42D700DEA5CF /* Project object */;
}
